// !$*UTF8*$!
{
	archiveVersion = 1;
	classes = {
	};
	objectVersion = 56;
	objects = {

/* Begin PBXBuildFile section */
		24D1725D29F90F35007BD68D /* CitiesViewSwiftUIApp.swift in Sources */ = {isa = PBXBuildFile; fileRef = 24D1725C29F90F35007BD68D /* CitiesViewSwiftUIApp.swift */; };
		24D1725F29F90F35007BD68D /* ContentView.swift in Sources */ = {isa = PBXBuildFile; fileRef = 24D1725E29F90F35007BD68D /* ContentView.swift */; };
		24D1726129F90F38007BD68D /* Assets.xcassets in Resources */ = {isa = PBXBuildFile; fileRef = 24D1726029F90F38007BD68D /* Assets.xcassets */; };
		24D1726429F90F38007BD68D /* Preview Assets.xcassets in Resources */ = {isa = PBXBuildFile; fileRef = 24D1726329F90F38007BD68D /* Preview Assets.xcassets */; };
		24D1726C29F91823007BD68D /* CityModel.swift in Sources */ = {isa = PBXBuildFile; fileRef = 24D1726B29F91822007BD68D /* CityModel.swift */; };
		24D1726F29F91922007BD68D /* ShorthandIntegerStyle.swift in Sources */ = {isa = PBXBuildFile; fileRef = 24D1726E29F91922007BD68D /* ShorthandIntegerStyle.swift */; };
		24D1727229F91A64007BD68D /* Double+Ext.swift in Sources */ = {isa = PBXBuildFile; fileRef = 24D1727129F91A64007BD68D /* Double+Ext.swift */; };
/* End PBXBuildFile section */

/* Begin PBXFileReference section */
		24D1725929F90F35007BD68D /* CitiesViewSwiftUI.app */ = {isa = PBXFileReference; explicitFileType = wrapper.application; includeInIndex = 0; path = CitiesViewSwiftUI.app; sourceTree = BUILT_PRODUCTS_DIR; };
		24D1725C29F90F35007BD68D /* CitiesViewSwiftUIApp.swift */ = {isa = PBXFileReference; lastKnownFileType = sourcecode.swift; path = CitiesViewSwiftUIApp.swift; sourceTree = "<group>"; };
		24D1725E29F90F35007BD68D /* ContentView.swift */ = {isa = PBXFileReference; lastKnownFileType = sourcecode.swift; path = ContentView.swift; sourceTree = "<group>"; };
		24D1726029F90F38007BD68D /* Assets.xcassets */ = {isa = PBXFileReference; lastKnownFileType = folder.assetcatalog; path = Assets.xcassets; sourceTree = "<group>"; };
		24D1726329F90F38007BD68D /* Preview Assets.xcassets */ = {isa = PBXFileReference; lastKnownFileType = folder.assetcatalog; path = "Preview Assets.xcassets"; sourceTree = "<group>"; };
		24D1726B29F91822007BD68D /* CityModel.swift */ = {isa = PBXFileReference; lastKnownFileType = sourcecode.swift; path = CityModel.swift; sourceTree = "<group>"; };
		24D1726E29F91922007BD68D /* ShorthandIntegerStyle.swift */ = {isa = PBXFileReference; lastKnownFileType = sourcecode.swift; path = ShorthandIntegerStyle.swift; sourceTree = "<group>"; };
		24D1727129F91A64007BD68D /* Double+Ext.swift */ = {isa = PBXFileReference; lastKnownFileType = sourcecode.swift; path = "Double+Ext.swift"; sourceTree = "<group>"; };
/* End PBXFileReference section */

/* Begin PBXFrameworksBuildPhase section */
		24D1725629F90F34007BD68D /* Frameworks */ = {
			isa = PBXFrameworksBuildPhase;
			buildActionMask = 2147483647;
			files = (
			);
			runOnlyForDeploymentPostprocessing = 0;
		};
/* End PBXFrameworksBuildPhase section */

/* Begin PBXGroup section */
		24D1725029F90F34007BD68D = {
			isa = PBXGroup;
			children = (
				24D1725B29F90F35007BD68D /* CitiesViewSwiftUI */,
				24D1725A29F90F35007BD68D /* Products */,
			);
			sourceTree = "<group>";
		};
		24D1725A29F90F35007BD68D /* Products */ = {
			isa = PBXGroup;
			children = (
				24D1725929F90F35007BD68D /* CitiesViewSwiftUI.app */,
			);
			name = Products;
			sourceTree = "<group>";
		};
		24D1725B29F90F35007BD68D /* CitiesViewSwiftUI */ = {
			isa = PBXGroup;
			children = (
				24D1727029F91A4D007BD68D /* Extension */,
				24D1726D29F918F6007BD68D /* Modifier */,
				24D1725C29F90F35007BD68D /* CitiesViewSwiftUIApp.swift */,
				24D1726A29F917F8007BD68D /* Model */,
				24D1725E29F90F35007BD68D /* ContentView.swift */,
				24D1726029F90F38007BD68D /* Assets.xcassets */,
				24D1726229F90F38007BD68D /* Preview Content */,
			);
			path = CitiesViewSwiftUI;
			sourceTree = "<group>";
		};
		24D1726229F90F38007BD68D /* Preview Content */ = {
			isa = PBXGroup;
			children = (
				24D1726329F90F38007BD68D /* Preview Assets.xcassets */,
			);
			path = "Preview Content";
			sourceTree = "<group>";
		};
		24D1726A29F917F8007BD68D /* Model */ = {
			isa = PBXGroup;
			children = (
				24D1726B29F91822007BD68D /* CityModel.swift */,
			);
			path = Model;
			sourceTree = "<group>";
		};
		24D1726D29F918F6007BD68D /* Modifier */ = {
			isa = PBXGroup;
			children = (
				24D1726E29F91922007BD68D /* ShorthandIntegerStyle.swift */,
			);
			path = Modifier;
			sourceTree = "<group>";
		};
		24D1727029F91A4D007BD68D /* Extension */ = {
			isa = PBXGroup;
			children = (
				24D1727129F91A64007BD68D /* Double+Ext.swift */,
			);
			path = Extension;
			sourceTree = "<group>";
		};
/* End PBXGroup section */

/* Begin PBXNativeTarget section */
		24D1725829F90F34007BD68D /* CitiesViewSwiftUI */ = {
			isa = PBXNativeTarget;
			buildConfigurationList = 24D1726729F90F38007BD68D /* Build configuration list for PBXNativeTarget "CitiesViewSwiftUI" */;
			buildPhases = (
				24D1725529F90F34007BD68D /* Sources */,
				24D1725629F90F34007BD68D /* Frameworks */,
				24D1725729F90F34007BD68D /* Resources */,
			);
			buildRules = (
			);
			dependencies = (
			);
			name = CitiesViewSwiftUI;
			productName = CitiesViewSwiftUI;
			productReference = 24D1725929F90F35007BD68D /* CitiesViewSwiftUI.app */;
			productType = "com.apple.product-type.application";
		};
/* End PBXNativeTarget section */

/* Begin PBXProject section */
		24D1725129F90F34007BD68D /* Project object */ = {
			isa = PBXProject;
			attributes = {
				BuildIndependentTargetsInParallel = 1;
				LastSwiftUpdateCheck = 1430;
				LastUpgradeCheck = 1430;
				TargetAttributes = {
					24D1725829F90F34007BD68D = {
						CreatedOnToolsVersion = 14.3;
					};
				};
			};
			buildConfigurationList = 24D1725429F90F34007BD68D /* Build configuration list for PBXProject "CitiesViewSwiftUI" */;
			compatibilityVersion = "Xcode 14.0";
			developmentRegion = en;
			hasScannedForEncodings = 0;
			knownRegions = (
				en,
				Base,
			);
			mainGroup = 24D1725029F90F34007BD68D;
			productRefGroup = 24D1725A29F90F35007BD68D /* Products */;
			projectDirPath = "";
			projectRoot = "";
			targets = (
				24D1725829F90F34007BD68D /* CitiesViewSwiftUI */,
			);
		};
/* End PBXProject section */

/* Begin PBXResourcesBuildPhase section */
		24D1725729F90F34007BD68D /* Resources */ = {
			isa = PBXResourcesBuildPhase;
			buildActionMask = 2147483647;
			files = (
				24D1726429F90F38007BD68D /* Preview Assets.xcassets in Resources */,
				24D1726129F90F38007BD68D /* Assets.xcassets in Resources */,
			);
			runOnlyForDeploymentPostprocessing = 0;
		};
/* End PBXResourcesBuildPhase section */

/* Begin PBXSourcesBuildPhase section */
		24D1725529F90F34007BD68D /* Sources */ = {
			isa = PBXSourcesBuildPhase;
			buildActionMask = 2147483647;
			files = (
				24D1726F29F91922007BD68D /* ShorthandIntegerStyle.swift in Sources */,
				24D1725F29F90F35007BD68D /* ContentView.swift in Sources */,
				24D1725D29F90F35007BD68D /* CitiesViewSwiftUIApp.swift in Sources */,
				24D1726C29F91823007BD68D /* CityModel.swift in Sources */,
				24D1727229F91A64007BD68D /* Double+Ext.swift in Sources */,
			);
			runOnlyForDeploymentPostprocessing = 0;
		};
/* End PBXSourcesBuildPhase section */

/* Begin XCBuildConfiguration section */
		24D1726529F90F38007BD68D /* Debug */ = {
			isa = XCBuildConfiguration;
			buildSettings = {
				ALWAYS_SEARCH_USER_PATHS = NO;
				CLANG_ANALYZER_NONNULL = YES;
				CLANG_ANALYZER_NUMBER_OBJECT_CONVERSION = YES_AGGRESSIVE;
				CLANG_CXX_LANGUAGE_STANDARD = "gnu++20";
				CLANG_ENABLE_MODULES = YES;
				CLANG_ENABLE_OBJC_ARC = YES;
				CLANG_ENABLE_OBJC_WEAK = YES;
				CLANG_WARN_BLOCK_CAPTURE_AUTORELEASING = YES;
				CLANG_WARN_BOOL_CONVERSION = YES;
				CLANG_WARN_COMMA = YES;
				CLANG_WARN_CONSTANT_CONVERSION = YES;
				CLANG_WARN_DEPRECATED_OBJC_IMPLEMENTATIONS = YES;
				CLANG_WARN_DIRECT_OBJC_ISA_USAGE = YES_ERROR;
				CLANG_WARN_DOCUMENTATION_COMMENTS = YES;
				CLANG_WARN_EMPTY_BODY = YES;
				CLANG_WARN_ENUM_CONVERSION = YES;
				CLANG_WARN_INFINITE_RECURSION = YES;
				CLANG_WARN_INT_CONVERSION = YES;
				CLANG_WARN_NON_LITERAL_NULL_CONVERSION = YES;
				CLANG_WARN_OBJC_IMPLICIT_RETAIN_SELF = YES;
				CLANG_WARN_OBJC_LITERAL_CONVERSION = YES;
				CLANG_WARN_OBJC_ROOT_CLASS = YES_ERROR;
				CLANG_WARN_QUOTED_INCLUDE_IN_FRAMEWORK_HEADER = YES;
				CLANG_WARN_RANGE_LOOP_ANALYSIS = YES;
				CLANG_WARN_STRICT_PROTOTYPES = YES;
				CLANG_WARN_SUSPICIOUS_MOVE = YES;
				CLANG_WARN_UNGUARDED_AVAILABILITY = YES_AGGRESSIVE;
				CLANG_WARN_UNREACHABLE_CODE = YES;
				CLANG_WARN__DUPLICATE_METHOD_MATCH = YES;
				COPY_PHASE_STRIP = NO;
				DEBUG_INFORMATION_FORMAT = dwarf;
				ENABLE_STRICT_OBJC_MSGSEND = YES;
				ENABLE_TESTABILITY = YES;
				GCC_C_LANGUAGE_STANDARD = gnu11;
				GCC_DYNAMIC_NO_PIC = NO;
				GCC_NO_COMMON_BLOCKS = YES;
				GCC_OPTIMIZATION_LEVEL = 0;
				GCC_PREPROCESSOR_DEFINITIONS = (
					"DEBUG=1",
					"$(inherited)",
				);
				GCC_WARN_64_TO_32_BIT_CONVERSION = YES;
				GCC_WARN_ABOUT_RETURN_TYPE = YES_ERROR;
				GCC_WARN_UNDECLARED_SELECTOR = YES;
				GCC_WARN_UNINITIALIZED_AUTOS = YES_AGGRESSIVE;
				GCC_WARN_UNUSED_FUNCTION = YES;
				GCC_WARN_UNUSED_VARIABLE = YES;
				IPHONEOS_DEPLOYMENT_TARGET = 16.4;
				MTL_ENABLE_DEBUG_INFO = INCLUDE_SOURCE;
				MTL_FAST_MATH = YES;
				ONLY_ACTIVE_ARCH = YES;
				SDKROOT = iphoneos;
				SWIFT_ACTIVE_COMPILATION_CONDITIONS = DEBUG;
				SWIFT_OPTIMIZATION_LEVEL = "-Onone";
			};
			name = Debug;
		};
		24D1726629F90F38007BD68D /* Release */ = {
			isa = XCBuildConfiguration;
			buildSettings = {
				ALWAYS_SEARCH_USER_PATHS = NO;
				CLANG_ANALYZER_NONNULL = YES;
				CLANG_ANALYZER_NUMBER_OBJECT_CONVERSION = YES_AGGRESSIVE;
				CLANG_CXX_LANGUAGE_STANDARD = "gnu++20";
				CLANG_ENABLE_MODULES = YES;
				CLANG_ENABLE_OBJC_ARC = YES;
				CLANG_ENABLE_OBJC_WEAK = YES;
				CLANG_WARN_BLOCK_CAPTURE_AUTORELEASING = YES;
				CLANG_WARN_BOOL_CONVERSION = YES;
				CLANG_WARN_COMMA = YES;
				CLANG_WARN_CONSTANT_CONVERSION = YES;
				CLANG_WARN_DEPRECATED_OBJC_IMPLEMENTATIONS = YES;
				CLANG_WARN_DIRECT_OBJC_ISA_USAGE = YES_ERROR;
				CLANG_WARN_DOCUMENTATION_COMMENTS = YES;
				CLANG_WARN_EMPTY_BODY = YES;
				CLANG_WARN_ENUM_CONVERSION = YES;
				CLANG_WARN_INFINITE_RECURSION = YES;
				CLANG_WARN_INT_CONVERSION = YES;
				CLANG_WARN_NON_LITERAL_NULL_CONVERSION = YES;
				CLANG_WARN_OBJC_IMPLICIT_RETAIN_SELF = YES;
				CLANG_WARN_OBJC_LITERAL_CONVERSION = YES;
				CLANG_WARN_OBJC_ROOT_CLASS = YES_ERROR;
				CLANG_WARN_QUOTED_INCLUDE_IN_FRAMEWORK_HEADER = YES;
				CLANG_WARN_RANGE_LOOP_ANALYSIS = YES;
				CLANG_WARN_STRICT_PROTOTYPES = YES;
				CLANG_WARN_SUSPICIOUS_MOVE = YES;
				CLANG_WARN_UNGUARDED_AVAILABILITY = YES_AGGRESSIVE;
				CLANG_WARN_UNREACHABLE_CODE = YES;
				CLANG_WARN__DUPLICATE_METHOD_MATCH = YES;
				COPY_PHASE_STRIP = NO;
				DEBUG_INFORMATION_FORMAT = "dwarf-with-dsym";
				ENABLE_NS_ASSERTIONS = NO;
				ENABLE_STRICT_OBJC_MSGSEND = YES;
				GCC_C_LANGUAGE_STANDARD = gnu11;
				GCC_NO_COMMON_BLOCKS = YES;
				GCC_WARN_64_TO_32_BIT_CONVERSION = YES;
				GCC_WARN_ABOUT_RETURN_TYPE = YES_ERROR;
				GCC_WARN_UNDECLARED_SELECTOR = YES;
				GCC_WARN_UNINITIALIZED_AUTOS = YES_AGGRESSIVE;
				GCC_WARN_UNUSED_FUNCTION = YES;
				GCC_WARN_UNUSED_VARIABLE = YES;
				IPHONEOS_DEPLOYMENT_TARGET = 16.4;
				MTL_ENABLE_DEBUG_INFO = NO;
				MTL_FAST_MATH = YES;
				SDKROOT = iphoneos;
				SWIFT_COMPILATION_MODE = wholemodule;
				SWIFT_OPTIMIZATION_LEVEL = "-O";
				VALIDATE_PRODUCT = YES;
			};
			name = Release;
		};
		24D1726829F90F38007BD68D /* Debug */ = {
			isa = XCBuildConfiguration;
			buildSettings = {
				ASSETCATALOG_COMPILER_APPICON_NAME = AppIcon;
				ASSETCATALOG_COMPILER_GLOBAL_ACCENT_COLOR_NAME = AccentColor;
				CODE_SIGN_STYLE = Automatic;
				CURRENT_PROJECT_VERSION = 1;
				DEVELOPMENT_ASSET_PATHS = "\"CitiesViewSwiftUI/Preview Content\"";
				DEVELOPMENT_TEAM = 5C86U37WWL;
				ENABLE_PREVIEWS = YES;
				GENERATE_INFOPLIST_FILE = YES;
				INFOPLIST_KEY_UIApplicationSceneManifest_Generation = YES;
				INFOPLIST_KEY_UIApplicationSupportsIndirectInputEvents = YES;
				INFOPLIST_KEY_UILaunchScreen_Generation = YES;
				INFOPLIST_KEY_UISupportedInterfaceOrientations_iPad = "UIInterfaceOrientationPortrait UIInterfaceOrientationPortraitUpsideDown UIInterfaceOrientationLandscapeLeft UIInterfaceOrientationLandscapeRight";
				INFOPLIST_KEY_UISupportedInterfaceOrientations_iPhone = "UIInterfaceOrientationPortrait UIInterfaceOrientationLandscapeLeft UIInterfaceOrientationLandscapeRight";
				LD_RUNPATH_SEARCH_PATHS = (
					"$(inherited)",
					"@executable_path/Frameworks",
				);
				MARKETING_VERSION = 1.0;
				PRODUCT_BUNDLE_IDENTIFIER = me.CitiesViewSwiftUI;
				PRODUCT_NAME = "$(TARGET_NAME)";
				SWIFT_EMIT_LOC_STRINGS = YES;
				SWIFT_VERSION = 5.0;
				TARGETED_DEVICE_FAMILY = "1,2";
			};
			name = Debug;
		};
		24D1726929F90F38007BD68D /* Release */ = {
			isa = XCBuildConfiguration;
			buildSettings = {
				ASSETCATALOG_COMPILER_APPICON_NAME = AppIcon;
				ASSETCATALOG_COMPILER_GLOBAL_ACCENT_COLOR_NAME = AccentColor;
				CODE_SIGN_STYLE = Automatic;
				CURRENT_PROJECT_VERSION = 1;
				DEVELOPMENT_ASSET_PATHS = "\"CitiesViewSwiftUI/Preview Content\"";
				DEVELOPMENT_TEAM = 5C86U37WWL;
				ENABLE_PREVIEWS = YES;
				GENERATE_INFOPLIST_FILE = YES;
				INFOPLIST_KEY_UIApplicationSceneManifest_Generation = YES;
				INFOPLIST_KEY_UIApplicationSupportsIndirectInputEvents = YES;
				INFOPLIST_KEY_UILaunchScreen_Generation = YES;
				INFOPLIST_KEY_UISupportedInterfaceOrientations_iPad = "UIInterfaceOrientationPortrait UIInterfaceOrientationPortraitUpsideDown UIInterfaceOrientationLandscapeLeft UIInterfaceOrientationLandscapeRight";
				INFOPLIST_KEY_UISupportedInterfaceOrientations_iPhone = "UIInterfaceOrientationPortrait UIInterfaceOrientationLandscapeLeft UIInterfaceOrientationLandscapeRight";
				LD_RUNPATH_SEARCH_PATHS = (
					"$(inherited)",
					"@executable_path/Frameworks",
				);
				MARKETING_VERSION = 1.0;
				PRODUCT_BUNDLE_IDENTIFIER = me.CitiesViewSwiftUI;
				PRODUCT_NAME = "$(TARGET_NAME)";
				SWIFT_EMIT_LOC_STRINGS = YES;
				SWIFT_VERSION = 5.0;
				TARGETED_DEVICE_FAMILY = "1,2";
			};
			name = Release;
		};
/* End XCBuildConfiguration section */

/* Begin XCConfigurationList section */
		24D1725429F90F34007BD68D /* Build configuration list for PBXProject "CitiesViewSwiftUI" */ = {
			isa = XCConfigurationList;
			buildConfigurations = (
				24D1726529F90F38007BD68D /* Debug */,
				24D1726629F90F38007BD68D /* Release */,
			);
			defaultConfigurationIsVisible = 0;
			defaultConfigurationName = Release;
		};
		24D1726729F90F38007BD68D /* Build configuration list for PBXNativeTarget "CitiesViewSwiftUI" */ = {
			isa = XCConfigurationList;
			buildConfigurations = (
				24D1726829F90F38007BD68D /* Debug */,
				24D1726929F90F38007BD68D /* Release */,
			);
			defaultConfigurationIsVisible = 0;
			defaultConfigurationName = Release;
		};
/* End XCConfigurationList section */
	};
	rootObject = 24D1725129F90F34007BD68D /* Project object */;
}
